
Microsoft Visual Studio Solution File, Format Version 12.00
# Visual Studio Version 16
VisualStudioVersion = 16.0.28803.202
MinimumVisualStudioVersion = 10.0.40219.1
Project("{FAE04EC0-301F-11D3-BF4B-00C04F79EFBC}") = "MulticentroProyectoFinal", "MulticentroProyectoFinal.csproj", "{B81492C5-5626-47F5-A314-561CFBEC1234}"
EndProject
Global
	GlobalSection(SolutionConfigurationPlatforms) = preSolution
		Debug|Any CPU = Debug|Any CPU
		Release|Any CPU = Release|Any CPU
	EndGlobalSection
	GlobalSection(ProjectConfigurationPlatforms) = postSolution
		{B81492C5-5626-47F5-A314-561CFBEC1234}.Debug|Any CPU.ActiveCfg = Debug|Any CPU
		{B81492C5-5626-47F5-A314-561CFBEC1234}.Debug|Any CPU.Build.0 = Debug|Any CPU
		{B81492C5-5626-47F5-A314-561CFBEC1234}.Release|Any CPU.ActiveCfg = Release|Any CPU
		{B81492C5-5626-47F5-A314-561CFBEC1234}.Release|Any CPU.Build.0 = Release|Any CPU
	EndGlobalSection
	GlobalSection(SolutionProperties) = preSolution
		HideSolutionNode = FALSE
	EndGlobalSection
	GlobalSection(ExtensibilityGlobals) = postSolution
		SolutionGuid = {AEFF10A5-67C5-4A72-99D2-91B268EF1225}
	EndGlobalSection
EndGlobal
